{
    "_meta": {
        "hash": {
            "sha256": "486580632e6f4460b21534cf98e124713e3d03a158b2a7ee05132b1212e0b38e"
        },
        "pipfile-spec": 6,
        "requires": {
            "python_version": "3.8"
        },
        "sources": [
            {
                "name": "pypi",
                "url": "https://pypi.org/simple",
                "verify_ssl": true
            }
        ]
    },
    "default": {
        "astral": {
            "hashes": [
                "sha256:9b7c3b412e9e69d172cfb24be0e6addcc9f1bd01a28db8bebe66d75ccc533d88",
                "sha256:cb7b49a3f0d4c64ae666be131276d2a3226134c598db10e672028cf8ff855f83"
            ],
            "index": "pypi",
            "markers": "python_version >= '3.7' and python_version < '4.0'",
            "version": "==3.2"
        },
        "astroid": {
            "hashes": [
                "sha256:1defdbca052635dd29657ea674edfc45e4b5be9cd53630c5b084fcfed94344a8",
                "sha256:f2510e7fdcd6cfda4ec50014726d4857abf79acfc010084ce8c26091913f1b25"
            ],
            "markers": "python_full_version >= '3.8.0'",
            "version": "==3.0.0"
        },
        "astropy": {
            "hashes": [
                "sha256:04464e664a22382626ce9750ebe943b80a718dc8347134b9d138b63a2029f67a",
                "sha256:093782b1f0177c3dd2c04181ec016d8e569bd9e862b48236e40b14e2a7399170",
                "sha256:0aad85604cad40189b13d66bb46fb2a95df1a9095992071b31c3fa35b476fdbc",
                "sha256:0c664f9194a4a3cece6215f651a9bc22c3cbd1f52dd450bd4d94eaf36f13c06c",
                "sha256:0ccf6f16cf7e520247ecc9d1a66dd4c3927fd60622203bdd1d06655ad81fa18f",
                "sha256:124ef2a9f9b1cdbc1a5d514f7e57538253bb67ad031215f5f5405fc4cd31a4cd",
                "sha256:185ade8c33cea34ba791b282e937686d98b4e205d4f343e686a4666efab2f6e7",
                "sha256:1ef9acc55c5fd70c7c78370389e79fb044321e531ac1facb7bddeef89d3132e3",
                "sha256:22396592aa9b1653d37d552d3c52a8bb27ef072d077fad43b64faf841b1dcbf3",
                "sha256:35ce00bb3dbc8bf7c842a0635354a5023cb64ae9c1925aa9b54629cf7fed2abe",
                "sha256:3881e933ea870a27e5d6896443401fbf51e3b7e57c6356f333553f5ff0070c72",
                "sha256:3d0c37da922cdcb81e74437118fabd64171cbfefa06c7ea697a270e82a8164f2",
                "sha256:4f60cea0fa7cb6ebbd90373e48c07f5d459e95dfd6363f50e316e2db7755bead",
                "sha256:530e6911a54a42e9f15b1a75dc3c699be3946c0b6ffdcfdcf4e14ae5fcfcd236",
                "sha256:66522e897daf3766775c00ef5c63b69beb0eb359e1f45d18745d0f0ca7f29cc1",
                "sha256:6703860deecd384bba2d2e338f77a0e7b46672812d27ed15f95e8faaa89fcd35",
                "sha256:6768b3a670cdfff6c2416b3d7d1e4231839608299b32367e8b095959fc6733a6",
                "sha256:6c3abb2fa8ebaaad77875a02e664c1011f35bd0c0ef7d35a39b03c859de1129a",
                "sha256:800501cc626aef0780dfb66156619699e98cb48854ed710f1ae3708aaab79f6e",
                "sha256:8304b590b20f9c161db85d5eb65d4c6323b3370a17c96ae163b18a0071cbd68a",
                "sha256:855748c2f1aedee5d770dfec8334109f1bcd1c1cee97f5915d3e888f43c04acf",
                "sha256:ac944158794a88789a007892ad91db35da14f689da1ab37c33c8de770a27f717",
                "sha256:ae3b383ac84fe6765e275f897f4010cc6afe6933607b7468561414dffdc4d915",
                "sha256:b00a4cd49f8264a338b0020717bff104fbcca800bd50bf0a415d952078258a39",
                "sha256:b7167b9965ebd78b7c9da7e98a943381b25e23d041bd304ec2e35e8ec811cefc",
                "sha256:df81b8f23c5e906d799b47d2d8462707c745df38cafae0cd6674ef09e9a41789",
                "sha256:e14b5a22f24ae5cf0404f21a4de135e26ca3c9cf55aefc5b0264a9ce24b53b0b",
                "sha256:e6a9e34716bda5945788353c63f0644721ee7e5447d16b1cdcb58c48a96b0d9c",
                "sha256:f210b5b4062030388437b9aca4bbf68f9063b2b27184006814a09fab41ac270e",
                "sha256:f30b5d153b9d119783b96b948a3e0c4eb668820c06d2e8ba72f6ea989e4af5c1",
                "sha256:f61c612e90e3dd3c075e99a61dedd53331c4577016c1d571aab00b95ca1731ab"
            ],
            "index": "pypi",
            "markers": "python_version >= '3.8'",
            "version": "==5.2.2"
        },
        "backports.zoneinfo": {
            "hashes": [
                "sha256:17746bd546106fa389c51dbea67c8b7c8f0d14b5526a579ca6ccf5ed72c526cf",
                "sha256:1b13e654a55cd45672cb54ed12148cd33628f672548f373963b0bff67b217328",
                "sha256:1c5742112073a563c81f786e77514969acb58649bcdf6cdf0b4ed31a348d4546",
                "sha256:4a0f800587060bf8880f954dbef70de6c11bbe59c673c3d818921f042f9954a6",
                "sha256:5c144945a7752ca544b4b78c8c41544cdfaf9786f25fe5ffb10e838e19a27570",
                "sha256:7b0a64cda4145548fed9efc10322770f929b944ce5cee6c0dfe0c87bf4c0c8c9",
                "sha256:8439c030a11780786a2002261569bdf362264f605dfa4d65090b64b05c9f79a7",
                "sha256:8961c0f32cd0336fb8e8ead11a1f8cd99ec07145ec2931122faaac1c8f7fd987",
                "sha256:89a48c0d158a3cc3f654da4c2de1ceba85263fafb861b98b59040a5086259722",
                "sha256:a76b38c52400b762e48131494ba26be363491ac4f9a04c1b7e92483d169f6582",
                "sha256:da6013fd84a690242c310d77ddb8441a559e9cb3d3d59ebac9aca1a57b2e18bc",
                "sha256:e55b384612d93be96506932a786bbcde5a2db7a9e6a4bb4bffe8b733f5b9036b",
                "sha256:e81b76cace8eda1fca50e345242ba977f9be6ae3945af8d46326d776b4cf78d1",
                "sha256:e8236383a20872c0cdf5a62b554b27538db7fa1bbec52429d8d106effbaeca08",
                "sha256:f04e857b59d9d1ccc39ce2da1021d196e47234873820cbeaad210724b1ee28ac",
                "sha256:fadbfe37f74051d024037f223b8e001611eac868b5c5b06144ef4d8b799862f2"
            ],
            "markers": "python_version < '3.9'",
            "version": "==0.2.1"
        },
        "build": {
            "hashes": [
                "sha256:538aab1b64f9828977f84bc63ae570b060a8ed1be419e7870b8b4fc5e6ea553b",
                "sha256:589bf99a67df7c9cf07ec0ac0e5e2ea5d4b37ac63301c4986d1acb126aa83f8f"
            ],
            "index": "pypi",
            "markers": "python_version >= '3.7'",
            "version": "==1.0.3"
        },
        "dill": {
            "hashes": [
                "sha256:76b122c08ef4ce2eedcd4d1abd8e641114bfc6c2867f49f3c41facf65bf19f5e",
                "sha256:cc1c8b182eb3013e24bd475ff2e9295af86c1a38eb1aff128dac8962a9ce3c03"
            ],
            "markers": "python_version < '3.11'",
            "version": "==0.3.7"
        },
        "exceptiongroup": {
            "hashes": [
                "sha256:097acd85d473d75af5bb98e41b61ff7fe35efe6675e4f9370ec6ec5126d160e9",
                "sha256:343280667a4585d195ca1cf9cef84a4e178c4b6cf2274caef9859782b567d5e3"
            ],
            "markers": "python_version < '3.11'",
            "version": "==1.1.3"
        },
        "importlib-metadata": {
            "hashes": [
                "sha256:3ebb78df84a805d7698245025b975d9d67053cd94c79245ba4b3eb694abe68bb",
                "sha256:dbace7892d8c0c4ac1ad096662232f831d4e64f4c4545bd53016a3e9d4654743"
            ],
            "markers": "python_version < '3.10'",
            "version": "==6.8.0"
        },
        "iniconfig": {
            "hashes": [
                "sha256:2d91e135bf72d31a410b17c16da610a82cb55f6b0477d1a902134b24a455b8b3",
                "sha256:b6a85871a79d2e3b22d2d1b94ac2824226a63c6b741c88f7ae975f18b6778374"
            ],
            "markers": "python_version >= '3.7'",
            "version": "==2.0.0"
        },
        "intervaltree": {
            "hashes": [
                "sha256:902b1b88936918f9b2a19e0e5eb7ccb430ae45cde4f39ea4b36932920d33952d"
            ],
            "index": "pypi",
            "version": "==3.1.0"
        },
        "isort": {
            "hashes": [
                "sha256:8bef7dde241278824a6d83f44a544709b065191b95b6e50894bdc722fcba0504",
                "sha256:f84c2818376e66cf843d497486ea8fed8700b340f308f076c6fb1229dff318b6"
            ],
            "markers": "python_full_version >= '3.8.0'",
            "version": "==5.12.0"
        },
        "mccabe": {
            "hashes": [
                "sha256:348e0240c33b60bbdf4e523192ef919f28cb2c3d7d5c7794f74009290f236325",
                "sha256:6c2d30ab6be0e4a46919781807b4f0d834ebdd6c6e3dca0bda5a15f863427b6e"
            ],
            "markers": "python_version >= '3.6'",
            "version": "==0.7.0"
        },
        "numpy": {
            "hashes": [
                "sha256:04640dab83f7c6c85abf9cd729c5b65f1ebd0ccf9de90b270cd61935eef0197f",
                "sha256:1452241c290f3e2a312c137a9999cdbf63f78864d63c79039bda65ee86943f61",
                "sha256:222e40d0e2548690405b0b3c7b21d1169117391c2e82c378467ef9ab4c8f0da7",
                "sha256:2541312fbf09977f3b3ad449c4e5f4bb55d0dbf79226d7724211acc905049400",
                "sha256:31f13e25b4e304632a4619d0e0777662c2ffea99fcae2029556b17d8ff958aef",
                "sha256:4602244f345453db537be5314d3983dbf5834a9701b7723ec28923e2889e0bb2",
                "sha256:4979217d7de511a8d57f4b4b5b2b965f707768440c17cb70fbf254c4b225238d",
                "sha256:4c21decb6ea94057331e111a5bed9a79d335658c27ce2adb580fb4d54f2ad9bc",
                "sha256:6620c0acd41dbcb368610bb2f4d83145674040025e5536954782467100aa8835",
                "sha256:692f2e0f55794943c5bfff12b3f56f99af76f902fc47487bdfe97856de51a706",
                "sha256:7215847ce88a85ce39baf9e89070cb860c98fdddacbaa6c0da3ffb31b3350bd5",
                "sha256:79fc682a374c4a8ed08b331bef9c5f582585d1048fa6d80bc6c35bc384eee9b4",
                "sha256:7ffe43c74893dbf38c2b0a1f5428760a1a9c98285553c89e12d70a96a7f3a4d6",
                "sha256:80f5e3a4e498641401868df4208b74581206afbee7cf7b8329daae82676d9463",
                "sha256:95f7ac6540e95bc440ad77f56e520da5bf877f87dca58bd095288dce8940532a",
                "sha256:9667575fb6d13c95f1b36aca12c5ee3356bf001b714fc354eb5465ce1609e62f",
                "sha256:a5425b114831d1e77e4b5d812b69d11d962e104095a5b9c3b641a218abcc050e",
                "sha256:b4bea75e47d9586d31e892a7401f76e909712a0fd510f58f5337bea9572c571e",
                "sha256:b7b1fc9864d7d39e28f41d089bfd6353cb5f27ecd9905348c24187a768c79694",
                "sha256:befe2bf740fd8373cf56149a5c23a0f601e82869598d41f8e188a0e9869926f8",
                "sha256:c0bfb52d2169d58c1cdb8cc1f16989101639b34c7d3ce60ed70b19c63eba0b64",
                "sha256:d11efb4dbecbdf22508d55e48d9c8384db795e1b7b51ea735289ff96613ff74d",
                "sha256:dd80e219fd4c71fc3699fc1dadac5dcf4fd882bfc6f7ec53d30fa197b8ee22dc",
                "sha256:e2926dac25b313635e4d6cf4dc4e51c8c0ebfed60b801c799ffc4c32bf3d1254",
                "sha256:e98f220aa76ca2a977fe435f5b04d7b3470c0a2e6312907b37ba6068f26787f2",
                "sha256:ed094d4f0c177b1b8e7aa9cba7d6ceed51c0e569a5318ac0ca9a090680a6a1b1",
                "sha256:f136bab9c2cfd8da131132c2cf6cc27331dd6fae65f95f69dcd4ae3c3639c810",
                "sha256:f3a86ed21e4f87050382c7bc96571755193c4c1392490744ac73d660e8f564a9"
            ],
            "markers": "python_version >= '3.8'",
            "version": "==1.24.4"
        },
        "packaging": {
            "hashes": [
                "sha256:048fb0e9405036518eaaf48a55953c750c11e1a1b68e0dd1a9d62ed0c092cfc5",
                "sha256:8c491190033a9af7e1d931d0b5dacc2ef47509b34dd0de67ed209b5203fc88c7"
            ],
            "markers": "python_version >= '3.7'",
            "version": "==23.2"
        },
        "platformdirs": {
            "hashes": [
                "sha256:cf8ee52a3afdb965072dcc652433e0c7e3e40cf5ea1477cd4b3b1d2eb75495b3",
                "sha256:e9d171d00af68be50e9202731309c4e658fd8bc76f55c11c7dd760d023bda68e"
            ],
            "markers": "python_version >= '3.7'",
            "version": "==3.11.0"
        },
        "pluggy": {
            "hashes": [
                "sha256:cf61ae8f126ac6f7c451172cf30e3e43d3ca77615509771b3a984a0730651e12",
                "sha256:d89c696a773f8bd377d18e5ecda92b7a3793cbe66c87060a6fb58c7b6e1061f7"
            ],
            "markers": "python_version >= '3.8'",
            "version": "==1.3.0"
        },
        "pyerfa": {
            "hashes": [
                "sha256:06d4f08e96867b1fc3ae9a9e4b38693ed0806463288efc41473ad16e14774504",
                "sha256:09af83540e23a7d61a8368b0514b3daa4ed967e1e52d0add4f501f58c500dd7f",
                "sha256:0b8c5e74d48a505a014e855cd4c7be11604901d94fd6f34b685f6720b7b20ed8",
                "sha256:1033fdb890ec70d3a511e20a464afc8abbea2180108f27b14d8f1d1addc38cbe",
                "sha256:170a83bd0243da518119b846f296cf33fa03f1f884a88578c1a38560182cf64e",
                "sha256:23e5efcf96ed7161d74f79ca261d255e1f36988843d22cd97d8f60fe9c868d44",
                "sha256:24d89ead30edc6038408336ad9b696683e74c4eef550708fca6afef3ecd5b010",
                "sha256:2ccba04de166d81bdd3adcf10428d908ce2f3a56ed1c2767d740fec12680edbd",
                "sha256:2d8c0dbb17119e52def33f9d6dbf2deaf2113ed3e657b6ff692df9b6a3598397",
                "sha256:36f42ee01a62c6cbba58103e6f8e600b21ad3a71262dccf03d476efb4a20ea71",
                "sha256:3b55f7278c1dd362648d7956e1a5365ade5fed2fe5541b721b3ceb5271128892",
                "sha256:3df87743e27588c5bd5e1f3a886629b3277fdd418059ca048420d33169376775",
                "sha256:3ecb598924ddb4ea2b06efc6f1e55ca70897ed178a690e2eaa1e290448466c7c",
                "sha256:3ecd6167b48bb8f1922fae7b49554616f2e7382748a4320ad46ebd7e2cc62f3d",
                "sha256:4ea7ca03ecc440224c2bed8fb136fadf6cf8aea8ba67d717f635116f30c8cc8c",
                "sha256:4fa9fceeb78057bfff7ae3aa6cdad3f1b193722de22bdbb75319256f4a9e2f76",
                "sha256:51aa6e0faa4aa9ad8f0eef1c47fec76c5bebc0da7023a436089bdd6e5cfd625f",
                "sha256:5447bb45ddedde3052693c86b941a4908f5dbeb4a697bda45b5b89de92cfb74a",
                "sha256:61f1097ac2ee8c15a2a636cdfb99340d708574d66f4610456bd457d1e6b852f4",
                "sha256:676515861ca3f0cb9d7e693389233e7126413a5ba93a0cc4d36b8ca933951e8d",
                "sha256:6a07444fd53a5dd18d7955f86f8d9b1be9a68ceb143e1145c0019a310c913c04",
                "sha256:7354753addba5261ec1cbf1ba45784ed3a5c42da565ecc6e0aa36b7a17fa4689",
                "sha256:73bf7d23f069d47632a2feeb1e73454b10392c4f3c16116017a6983f1f0e9b2b",
                "sha256:780b0f90adf500b8ba24e9d509a690576a7e8287e354cfb90227c5963690d3fc",
                "sha256:7c24e7960c6cdd3fa3f4dba5f3444a106ad48c94ff0b19eebaee06a142c18c52",
                "sha256:7d01c341c45b860ee5c7585ef003118c8015e9d65c30668d2f5bf657e1dcdd68",
                "sha256:7f9eabfefa5317ce58fe22480102902f10f270fc64a5636c010f7c0b7e0fb032",
                "sha256:88aa1acedf298d255cc4b0740ee11a3b303b71763dba2f039d48abf0a95cf9df",
                "sha256:8a1edd2cbe4ead3bf9a51e578d5d83bdd7ab3b3ccb69e09b89a4c42aa5b35ffb",
                "sha256:96ea688341176ae6220cc4743cda655549d71e3e3b60c5a99d02d5912d0ddf55",
                "sha256:a04c3b715c924b6f972dd440a94a701a16a07700bc8ba9e88b1df765bdc36ad0",
                "sha256:a438865894d226247dcfcb60d683ae075a52716504537052371b2b73458fe4fc",
                "sha256:a8a2029fc62ff2369d01219f66a5ce6aed35ef33eddb06118b6c27e8573a9ed8",
                "sha256:d56f6b5a0a3ed7b80d630041829463a872946df277259b5453298842d42a54a4",
                "sha256:d77fbbfa58350c194ccb99e5d93aa05d3c2b14d5aad8b662d93c6ad9fff41f39",
                "sha256:da888da2c8db5a78273fbf0af4e74f04e2d312d371c3c021cf6c3b14fa60fe3b",
                "sha256:daf7364e475cff1f973e2fcf6962de9df9642c8802b010e29b2c592ae337e3c5",
                "sha256:e8458421166f6ffe2e259aaf4aaa6e802d6539649a40e3194a81d30dccdc167a",
                "sha256:f0e9d0b122c454bcad5dbd0c3283b200783031d3f99ca9c550f49a7a7d4c41ea",
                "sha256:f1819e0d95ff8dead80614f8063919d82b2dbb55437b6c0109d3393c1ab55954"
            ],
            "markers": "python_version >= '3.7'",
            "version": "==2.0.0.3"
        },
        "pylint": {
            "hashes": [
                "sha256:81c6125637be216b4652ae50cc42b9f8208dfb725cdc7e04c48f6902f4dbdf40",
                "sha256:9c90b89e2af7809a1697f6f5f93f1d0e518ac566e2ac4d2af881a69c13ad01ea"
            ],
            "index": "pypi",
            "markers": "python_full_version >= '3.8.0'",
            "version": "==3.0.1"
        },
        "pyproject-hooks": {
            "hashes": [
                "sha256:283c11acd6b928d2f6a7c73fa0d01cb2bdc5f07c57a2eeb6e83d5e56b97976f8",
                "sha256:f271b298b97f5955d53fb12b72c1fb1948c22c1a6b70b315c54cedaca0264ef5"
            ],
            "markers": "python_version >= '3.7'",
            "version": "==1.0.0"
        },
        "pytest": {
            "hashes": [
                "sha256:1d881c6124e08ff0a1bb75ba3ec0bfd8b5354a01c194ddd5a0a870a48d99b002",
                "sha256:a766259cfab564a2ad52cb1aae1b881a75c3eb7e34ca3779697c23ed47c47069"
            ],
            "index": "pypi",
            "markers": "python_version >= '3.7'",
            "version": "==7.4.2"
        },
        "pyyaml": {
            "hashes": [
                "sha256:04ac92ad1925b2cff1db0cfebffb6ffc43457495c9b3c39d3fcae417d7125dc5",
                "sha256:062582fca9fabdd2c8b54a3ef1c978d786e0f6b3a1510e0ac93ef59e0ddae2bc",
                "sha256:0d3304d8c0adc42be59c5f8a4d9e3d7379e6955ad754aa9d6ab7a398b59dd1df",
                "sha256:1635fd110e8d85d55237ab316b5b011de701ea0f29d07611174a1b42f1444741",
                "sha256:184c5108a2aca3c5b3d3bf9395d50893a7ab82a38004c8f61c258d4428e80206",
                "sha256:18aeb1bf9a78867dc38b259769503436b7c72f7a1f1f4c93ff9a17de54319b27",
                "sha256:1d4c7e777c441b20e32f52bd377e0c409713e8bb1386e1099c2415f26e479595",
                "sha256:1e2722cc9fbb45d9b87631ac70924c11d3a401b2d7f410cc0e3bbf249f2dca62",
                "sha256:1fe35611261b29bd1de0070f0b2f47cb6ff71fa6595c077e42bd0c419fa27b98",
                "sha256:28c119d996beec18c05208a8bd78cbe4007878c6dd15091efb73a30e90539696",
                "sha256:326c013efe8048858a6d312ddd31d56e468118ad4cdeda36c719bf5bb6192290",
                "sha256:40df9b996c2b73138957fe23a16a4f0ba614f4c0efce1e9406a184b6d07fa3a9",
                "sha256:42f8152b8dbc4fe7d96729ec2b99c7097d656dc1213a3229ca5383f973a5ed6d",
                "sha256:49a183be227561de579b4a36efbb21b3eab9651dd81b1858589f796549873dd6",
                "sha256:4fb147e7a67ef577a588a0e2c17b6db51dda102c71de36f8549b6816a96e1867",
                "sha256:50550eb667afee136e9a77d6dc71ae76a44df8b3e51e41b77f6de2932bfe0f47",
                "sha256:510c9deebc5c0225e8c96813043e62b680ba2f9c50a08d3724c7f28a747d1486",
                "sha256:5773183b6446b2c99bb77e77595dd486303b4faab2b086e7b17bc6bef28865f6",
                "sha256:596106435fa6ad000c2991a98fa58eeb8656ef2325d7e158344fb33864ed87e3",
                "sha256:6965a7bc3cf88e5a1c3bd2e0b5c22f8d677dc88a455344035f03399034eb3007",
                "sha256:69b023b2b4daa7548bcfbd4aa3da05b3a74b772db9e23b982788168117739938",
                "sha256:6c22bec3fbe2524cde73d7ada88f6566758a8f7227bfbf93a408a9d86bcc12a0",
                "sha256:704219a11b772aea0d8ecd7058d0082713c3562b4e271b849ad7dc4a5c90c13c",
                "sha256:7e07cbde391ba96ab58e532ff4803f79c4129397514e1413a7dc761ccd755735",
                "sha256:81e0b275a9ecc9c0c0c07b4b90ba548307583c125f54d5b6946cfee6360c733d",
                "sha256:855fb52b0dc35af121542a76b9a84f8d1cd886ea97c84703eaa6d88e37a2ad28",
                "sha256:8d4e9c88387b0f5c7d5f281e55304de64cf7f9c0021a3525bd3b1c542da3b0e4",
                "sha256:9046c58c4395dff28dd494285c82ba00b546adfc7ef001486fbf0324bc174fba",
                "sha256:9eb6caa9a297fc2c2fb8862bc5370d0303ddba53ba97e71f08023b6cd73d16a8",
                "sha256:a0cd17c15d3bb3fa06978b4e8958dcdc6e0174ccea823003a106c7d4d7899ac5",
                "sha256:afd7e57eddb1a54f0f1a974bc4391af8bcce0b444685d936840f125cf046d5bd",
                "sha256:b1275ad35a5d18c62a7220633c913e1b42d44b46ee12554e5fd39c70a243d6a3",
                "sha256:b786eecbdf8499b9ca1d697215862083bd6d2a99965554781d0d8d1ad31e13a0",
                "sha256:ba336e390cd8e4d1739f42dfe9bb83a3cc2e80f567d8805e11b46f4a943f5515",
                "sha256:baa90d3f661d43131ca170712d903e6295d1f7a0f595074f151c0aed377c9b9c",
                "sha256:bc1bf2925a1ecd43da378f4db9e4f799775d6367bdb94671027b73b393a7c42c",
                "sha256:bd4af7373a854424dabd882decdc5579653d7868b8fb26dc7d0e99f823aa5924",
                "sha256:bf07ee2fef7014951eeb99f56f39c9bb4af143d8aa3c21b1677805985307da34",
                "sha256:bfdf460b1736c775f2ba9f6a92bca30bc2095067b8a9d77876d1fad6cc3b4a43",
                "sha256:c8098ddcc2a85b61647b2590f825f3db38891662cfc2fc776415143f599bb859",
                "sha256:d2b04aac4d386b172d5b9692e2d2da8de7bfb6c387fa4f801fbf6fb2e6ba4673",
                "sha256:d483d2cdf104e7c9fa60c544d92981f12ad66a457afae824d146093b8c294c54",
                "sha256:d858aa552c999bc8a8d57426ed01e40bef403cd8ccdd0fc5f6f04a00414cac2a",
                "sha256:e7d73685e87afe9f3b36c799222440d6cf362062f78be1013661b00c5c6f678b",
                "sha256:f003ed9ad21d6a4713f0a9b5a7a0a79e08dd0f221aff4525a2be4c346ee60aab",
                "sha256:f22ac1c3cac4dbc50079e965eba2c1058622631e526bd9afd45fedd49ba781fa",
                "sha256:faca3bdcf85b2fc05d06ff3fbc1f83e1391b3e724afa3feba7d13eeab355484c",
                "sha256:fca0e3a251908a499833aa292323f32437106001d436eca0e6e7833256674585",
                "sha256:fd1592b3fdf65fff2ad0004b5e363300ef59ced41c2e6b3a99d4089fa8c5435d",
                "sha256:fd66fc5d0da6d9815ba2cebeb4205f95818ff4b79c3ebe268e75d961704af52f"
            ],
            "markers": "python_version >= '3.6'",
            "version": "==6.0.1"
        },
        "sortedcontainers": {
            "hashes": [
                "sha256:25caa5a06cc30b6b83d11423433f65d1f9d76c4c6a0c90e3379eaa43b9bfdb88",
                "sha256:a163dcaede0f1c021485e957a39245190e74249897e2ae4b2aa38595db237ee0"
            ],
            "version": "==2.4.0"
        },
        "tomli": {
            "hashes": [
                "sha256:939de3e7a6161af0c887ef91b7d41a53e7c5a1ca976325f429cb46ea9bc30ecc",
                "sha256:de526c12914f0c550d15924c62d72abc48d6fe7364aa87328337a31007fe8a4f"
            ],
            "markers": "python_version < '3.11'",
            "version": "==2.0.1"
        },
        "tomlkit": {
            "hashes": [
                "sha256:38e1ff8edb991273ec9f6181244a6a391ac30e9f5098e7535640ea6be97a7c86",
                "sha256:712cbd236609acc6a3e2e97253dfc52d4c2082982a88f61b640ecf0817eab899"
            ],
            "markers": "python_version >= '3.7'",
            "version": "==0.12.1"
        },
        "typing-extensions": {
            "hashes": [
                "sha256:8f92fc8806f9a6b641eaa5318da32b44d401efaac0f6678c9bc448ba3605faa0",
                "sha256:df8e4339e9cb77357558cbdbceca33c303714cf861d1eef15e1070055ae8b7ef"
            ],
            "markers": "python_version < '3.10'",
            "version": "==4.8.0"
        },
        "zipp": {
            "hashes": [
                "sha256:0e923e726174922dce09c53c59ad483ff7bbb8e572e00c7f7c46b88556409f31",
                "sha256:84e64a1c28cf7e91ed2078bb8cc8c259cb19b76942096c8d7b84947690cabaf0"
            ],
            "markers": "python_version >= '3.8'",
            "version": "==3.17.0"
        }
    },
    "develop": {}
}
